// !$*UTF8*$!
{
	archiveVersion = 1;
	classes = {
	};
	objectVersion = 55;
	objects = {

/* Begin PBXBuildFile section */
		3B445A492870C48E003EBCDA /* RandomWordApp.swift in Sources */ = {isa = PBXBuildFile; fileRef = 3B445A482870C48E003EBCDA /* RandomWordApp.swift */; };
		3B445A4B2870C48E003EBCDA /* StartTabView.swift in Sources */ = {isa = PBXBuildFile; fileRef = 3B445A4A2870C48E003EBCDA /* StartTabView.swift */; };
		3B445A4D2870C48F003EBCDA /* Assets.xcassets in Resources */ = {isa = PBXBuildFile; fileRef = 3B445A4C2870C48F003EBCDA /* Assets.xcassets */; };
		3B445A502870C48F003EBCDA /* Preview Assets.xcassets in Resources */ = {isa = PBXBuildFile; fileRef = 3B445A4F2870C48F003EBCDA /* Preview Assets.xcassets */; };
		3B445A7A2870CECA003EBCDA /* RandomeView.swift in Sources */ = {isa = PBXBuildFile; fileRef = 3B445A792870CECA003EBCDA /* RandomeView.swift */; };
		3B445A7C2870CEE2003EBCDA /* SettingsView.swift in Sources */ = {isa = PBXBuildFile; fileRef = 3B445A7B2870CEE2003EBCDA /* SettingsView.swift */; };
		3B445A822870D5EF003EBCDA /* RandomWord.xcdatamodeld in Sources */ = {isa = PBXBuildFile; fileRef = 3B445A802870D5EF003EBCDA /* RandomWord.xcdatamodeld */; };
		3B445A852870D88E003EBCDA /* DataController.swift in Sources */ = {isa = PBXBuildFile; fileRef = 3B445A842870D88E003EBCDA /* DataController.swift */; };
		3B7591832870F8A300744C98 /* FilteredList.swift in Sources */ = {isa = PBXBuildFile; fileRef = 3B7591822870F8A300744C98 /* FilteredList.swift */; };
/* End PBXBuildFile section */

/* Begin PBXFileReference section */
		3B445A452870C48E003EBCDA /* Random word.app */ = {isa = PBXFileReference; explicitFileType = wrapper.application; includeInIndex = 0; path = "Random word.app"; sourceTree = BUILT_PRODUCTS_DIR; };
		3B445A482870C48E003EBCDA /* RandomWordApp.swift */ = {isa = PBXFileReference; lastKnownFileType = sourcecode.swift; path = RandomWordApp.swift; sourceTree = "<group>"; };
		3B445A4A2870C48E003EBCDA /* StartTabView.swift */ = {isa = PBXFileReference; lastKnownFileType = sourcecode.swift; path = StartTabView.swift; sourceTree = "<group>"; };
		3B445A4C2870C48F003EBCDA /* Assets.xcassets */ = {isa = PBXFileReference; lastKnownFileType = folder.assetcatalog; path = Assets.xcassets; sourceTree = "<group>"; };
		3B445A4F2870C48F003EBCDA /* Preview Assets.xcassets */ = {isa = PBXFileReference; lastKnownFileType = folder.assetcatalog; path = "Preview Assets.xcassets"; sourceTree = "<group>"; };
		3B445A792870CECA003EBCDA /* RandomeView.swift */ = {isa = PBXFileReference; lastKnownFileType = sourcecode.swift; path = RandomeView.swift; sourceTree = "<group>"; };
		3B445A7B2870CEE2003EBCDA /* SettingsView.swift */ = {isa = PBXFileReference; lastKnownFileType = sourcecode.swift; path = SettingsView.swift; sourceTree = "<group>"; };
		3B445A812870D5EF003EBCDA /* RandomWord.xcdatamodel */ = {isa = PBXFileReference; lastKnownFileType = wrapper.xcdatamodel; path = RandomWord.xcdatamodel; sourceTree = "<group>"; };
		3B445A842870D88E003EBCDA /* DataController.swift */ = {isa = PBXFileReference; lastKnownFileType = sourcecode.swift; path = DataController.swift; sourceTree = "<group>"; };
		3B7591822870F8A300744C98 /* FilteredList.swift */ = {isa = PBXFileReference; lastKnownFileType = sourcecode.swift; path = FilteredList.swift; sourceTree = "<group>"; };
/* End PBXFileReference section */

/* Begin PBXFrameworksBuildPhase section */
		3B445A422870C48E003EBCDA /* Frameworks */ = {
			isa = PBXFrameworksBuildPhase;
			buildActionMask = 2147483647;
			files = (
			);
			runOnlyForDeploymentPostprocessing = 0;
		};
/* End PBXFrameworksBuildPhase section */

/* Begin PBXGroup section */
		3B445A3C2870C48E003EBCDA = {
			isa = PBXGroup;
			children = (
				3B445A472870C48E003EBCDA /* RandomWord */,
				3B445A462870C48E003EBCDA /* Products */,
			);
			sourceTree = "<group>";
		};
		3B445A462870C48E003EBCDA /* Products */ = {
			isa = PBXGroup;
			children = (
				3B445A452870C48E003EBCDA /* Random word.app */,
			);
			name = Products;
			sourceTree = "<group>";
		};
		3B445A472870C48E003EBCDA /* RandomWord */ = {
			isa = PBXGroup;
			children = (
				3B445A482870C48E003EBCDA /* RandomWordApp.swift */,
				3B445A4A2870C48E003EBCDA /* StartTabView.swift */,
				3B445A792870CECA003EBCDA /* RandomeView.swift */,
				3B445A7B2870CEE2003EBCDA /* SettingsView.swift */,
				3B7591822870F8A300744C98 /* FilteredList.swift */,
				3B445A832870D866003EBCDA /* Datastore */,
				3B445A4C2870C48F003EBCDA /* Assets.xcassets */,
				3B445A4E2870C48F003EBCDA /* Preview Content */,
			);
			path = RandomWord;
			sourceTree = "<group>";
		};
		3B445A4E2870C48F003EBCDA /* Preview Content */ = {
			isa = PBXGroup;
			children = (
				3B445A4F2870C48F003EBCDA /* Preview Assets.xcassets */,
			);
			path = "Preview Content";
			sourceTree = "<group>";
		};
		3B445A832870D866003EBCDA /* Datastore */ = {
			isa = PBXGroup;
			children = (
				3B445A802870D5EF003EBCDA /* RandomWord.xcdatamodeld */,
				3B445A842870D88E003EBCDA /* DataController.swift */,
			);
			path = Datastore;
			sourceTree = "<group>";
		};
/* End PBXGroup section */

/* Begin PBXNativeTarget section */
		3B445A442870C48E003EBCDA /* RandomWord */ = {
			isa = PBXNativeTarget;
			buildConfigurationList = 3B445A532870C48F003EBCDA /* Build configuration list for PBXNativeTarget "RandomWord" */;
			buildPhases = (
				3B445A412870C48E003EBCDA /* Sources */,
				3B445A422870C48E003EBCDA /* Frameworks */,
				3B445A432870C48E003EBCDA /* Resources */,
			);
			buildRules = (
			);
			dependencies = (
			);
			name = RandomWord;
			productName = RandomWord;
			productReference = 3B445A452870C48E003EBCDA /* Random word.app */;
			productType = "com.apple.product-type.application";
		};
/* End PBXNativeTarget section */

/* Begin PBXProject section */
		3B445A3D2870C48E003EBCDA /* Project object */ = {
			isa = PBXProject;
			attributes = {
				BuildIndependentTargetsInParallel = 1;
				LastSwiftUpdateCheck = 1340;
				LastUpgradeCheck = 1340;
				TargetAttributes = {
					3B445A442870C48E003EBCDA = {
						CreatedOnToolsVersion = 13.4.1;
					};
				};
			};
			buildConfigurationList = 3B445A402870C48E003EBCDA /* Build configuration list for PBXProject "RandomWord" */;
			compatibilityVersion = "Xcode 13.0";
			developmentRegion = en;
			hasScannedForEncodings = 0;
			knownRegions = (
				en,
				Base,
			);
			mainGroup = 3B445A3C2870C48E003EBCDA;
			productRefGroup = 3B445A462870C48E003EBCDA /* Products */;
			projectDirPath = "";
			projectRoot = "";
			targets = (
				3B445A442870C48E003EBCDA /* RandomWord */,
			);
		};
/* End PBXProject section */

/* Begin PBXResourcesBuildPhase section */
		3B445A432870C48E003EBCDA /* Resources */ = {
			isa = PBXResourcesBuildPhase;
			buildActionMask = 2147483647;
			files = (
				3B445A502870C48F003EBCDA /* Preview Assets.xcassets in Resources */,
				3B445A4D2870C48F003EBCDA /* Assets.xcassets in Resources */,
			);
			runOnlyForDeploymentPostprocessing = 0;
		};
/* End PBXResourcesBuildPhase section */

/* Begin PBXSourcesBuildPhase section */
		3B445A412870C48E003EBCDA /* Sources */ = {
			isa = PBXSourcesBuildPhase;
			buildActionMask = 2147483647;
			files = (
				3B445A4B2870C48E003EBCDA /* StartTabView.swift in Sources */,
				3B445A852870D88E003EBCDA /* DataController.swift in Sources */,
				3B445A7C2870CEE2003EBCDA /* SettingsView.swift in Sources */,
				3B445A7A2870CECA003EBCDA /* RandomeView.swift in Sources */,
				3B445A822870D5EF003EBCDA /* RandomWord.xcdatamodeld in Sources */,
				3B445A492870C48E003EBCDA /* RandomWordApp.swift in Sources */,
				3B7591832870F8A300744C98 /* FilteredList.swift in Sources */,
			);
			runOnlyForDeploymentPostprocessing = 0;
		};
/* End PBXSourcesBuildPhase section */

/* Begin XCBuildConfiguration section */
		3B445A512870C48F003EBCDA /* Debug */ = {
			isa = XCBuildConfiguration;
			buildSettings = {
				ALWAYS_SEARCH_USER_PATHS = NO;
				CLANG_ANALYZER_NONNULL = YES;
				CLANG_ANALYZER_NUMBER_OBJECT_CONVERSION = YES_AGGRESSIVE;
				CLANG_CXX_LANGUAGE_STANDARD = "gnu++17";
				CLANG_ENABLE_MODULES = YES;
				CLANG_ENABLE_OBJC_ARC = YES;
				CLANG_ENABLE_OBJC_WEAK = YES;
				CLANG_WARN_BLOCK_CAPTURE_AUTORELEASING = YES;
				CLANG_WARN_BOOL_CONVERSION = YES;
				CLANG_WARN_COMMA = YES;
				CLANG_WARN_CONSTANT_CONVERSION = YES;
				CLANG_WARN_DEPRECATED_OBJC_IMPLEMENTATIONS = YES;
				CLANG_WARN_DIRECT_OBJC_ISA_USAGE = YES_ERROR;
				CLANG_WARN_DOCUMENTATION_COMMENTS = YES;
				CLANG_WARN_EMPTY_BODY = YES;
				CLANG_WARN_ENUM_CONVERSION = YES;
				CLANG_WARN_INFINITE_RECURSION = YES;
				CLANG_WARN_INT_CONVERSION = YES;
				CLANG_WARN_NON_LITERAL_NULL_CONVERSION = YES;
				CLANG_WARN_OBJC_IMPLICIT_RETAIN_SELF = YES;
				CLANG_WARN_OBJC_LITERAL_CONVERSION = YES;
				CLANG_WARN_OBJC_ROOT_CLASS = YES_ERROR;
				CLANG_WARN_QUOTED_INCLUDE_IN_FRAMEWORK_HEADER = YES;
				CLANG_WARN_RANGE_LOOP_ANALYSIS = YES;
				CLANG_WARN_STRICT_PROTOTYPES = YES;
				CLANG_WARN_SUSPICIOUS_MOVE = YES;
				CLANG_WARN_UNGUARDED_AVAILABILITY = YES_AGGRESSIVE;
				CLANG_WARN_UNREACHABLE_CODE = YES;
				CLANG_WARN__DUPLICATE_METHOD_MATCH = YES;
				COPY_PHASE_STRIP = NO;
				DEBUG_INFORMATION_FORMAT = dwarf;
				ENABLE_STRICT_OBJC_MSGSEND = YES;
				ENABLE_TESTABILITY = YES;
				GCC_C_LANGUAGE_STANDARD = gnu11;
				GCC_DYNAMIC_NO_PIC = NO;
				GCC_NO_COMMON_BLOCKS = YES;
				GCC_OPTIMIZATION_LEVEL = 0;
				GCC_PREPROCESSOR_DEFINITIONS = (
					"DEBUG=1",
					"$(inherited)",
				);
				GCC_WARN_64_TO_32_BIT_CONVERSION = YES;
				GCC_WARN_ABOUT_RETURN_TYPE = YES_ERROR;
				GCC_WARN_UNDECLARED_SELECTOR = YES;
				GCC_WARN_UNINITIALIZED_AUTOS = YES_AGGRESSIVE;
				GCC_WARN_UNUSED_FUNCTION = YES;
				GCC_WARN_UNUSED_VARIABLE = YES;
				IPHONEOS_DEPLOYMENT_TARGET = 15.0;
				MTL_ENABLE_DEBUG_INFO = INCLUDE_SOURCE;
				MTL_FAST_MATH = YES;
				ONLY_ACTIVE_ARCH = YES;
				SDKROOT = iphoneos;
				SWIFT_ACTIVE_COMPILATION_CONDITIONS = DEBUG;
				SWIFT_OPTIMIZATION_LEVEL = "-Onone";
			};
			name = Debug;
		};
		3B445A522870C48F003EBCDA /* Release */ = {
			isa = XCBuildConfiguration;
			buildSettings = {
				ALWAYS_SEARCH_USER_PATHS = NO;
				CLANG_ANALYZER_NONNULL = YES;
				CLANG_ANALYZER_NUMBER_OBJECT_CONVERSION = YES_AGGRESSIVE;
				CLANG_CXX_LANGUAGE_STANDARD = "gnu++17";
				CLANG_ENABLE_MODULES = YES;
				CLANG_ENABLE_OBJC_ARC = YES;
				CLANG_ENABLE_OBJC_WEAK = YES;
				CLANG_WARN_BLOCK_CAPTURE_AUTORELEASING = YES;
				CLANG_WARN_BOOL_CONVERSION = YES;
				CLANG_WARN_COMMA = YES;
				CLANG_WARN_CONSTANT_CONVERSION = YES;
				CLANG_WARN_DEPRECATED_OBJC_IMPLEMENTATIONS = YES;
				CLANG_WARN_DIRECT_OBJC_ISA_USAGE = YES_ERROR;
				CLANG_WARN_DOCUMENTATION_COMMENTS = YES;
				CLANG_WARN_EMPTY_BODY = YES;
				CLANG_WARN_ENUM_CONVERSION = YES;
				CLANG_WARN_INFINITE_RECURSION = YES;
				CLANG_WARN_INT_CONVERSION = YES;
				CLANG_WARN_NON_LITERAL_NULL_CONVERSION = YES;
				CLANG_WARN_OBJC_IMPLICIT_RETAIN_SELF = YES;
				CLANG_WARN_OBJC_LITERAL_CONVERSION = YES;
				CLANG_WARN_OBJC_ROOT_CLASS = YES_ERROR;
				CLANG_WARN_QUOTED_INCLUDE_IN_FRAMEWORK_HEADER = YES;
				CLANG_WARN_RANGE_LOOP_ANALYSIS = YES;
				CLANG_WARN_STRICT_PROTOTYPES = YES;
				CLANG_WARN_SUSPICIOUS_MOVE = YES;
				CLANG_WARN_UNGUARDED_AVAILABILITY = YES_AGGRESSIVE;
				CLANG_WARN_UNREACHABLE_CODE = YES;
				CLANG_WARN__DUPLICATE_METHOD_MATCH = YES;
				COPY_PHASE_STRIP = NO;
				DEBUG_INFORMATION_FORMAT = "dwarf-with-dsym";
				ENABLE_NS_ASSERTIONS = NO;
				ENABLE_STRICT_OBJC_MSGSEND = YES;
				GCC_C_LANGUAGE_STANDARD = gnu11;
				GCC_NO_COMMON_BLOCKS = YES;
				GCC_WARN_64_TO_32_BIT_CONVERSION = YES;
				GCC_WARN_ABOUT_RETURN_TYPE = YES_ERROR;
				GCC_WARN_UNDECLARED_SELECTOR = YES;
				GCC_WARN_UNINITIALIZED_AUTOS = YES_AGGRESSIVE;
				GCC_WARN_UNUSED_FUNCTION = YES;
				GCC_WARN_UNUSED_VARIABLE = YES;
				IPHONEOS_DEPLOYMENT_TARGET = 15.0;
				MTL_ENABLE_DEBUG_INFO = NO;
				MTL_FAST_MATH = YES;
				SDKROOT = iphoneos;
				SWIFT_COMPILATION_MODE = wholemodule;
				SWIFT_OPTIMIZATION_LEVEL = "-O";
				VALIDATE_PRODUCT = YES;
			};
			name = Release;
		};
		3B445A542870C48F003EBCDA /* Debug */ = {
			isa = XCBuildConfiguration;
			buildSettings = {
				ASSETCATALOG_COMPILER_APPICON_NAME = AppIcon;
				ASSETCATALOG_COMPILER_GLOBAL_ACCENT_COLOR_NAME = AccentColor;
				CODE_SIGN_STYLE = Automatic;
				CURRENT_PROJECT_VERSION = 1;
				DEVELOPMENT_ASSET_PATHS = "\"RandomWord/Preview Content\"";
				DEVELOPMENT_TEAM = RNER64Q73Y;
				ENABLE_PREVIEWS = YES;
				GENERATE_INFOPLIST_FILE = YES;
				INFOPLIST_KEY_UIApplicationSceneManifest_Generation = YES;
				INFOPLIST_KEY_UIApplicationSupportsIndirectInputEvents = YES;
				INFOPLIST_KEY_UILaunchScreen_Generation = YES;
				INFOPLIST_KEY_UISupportedInterfaceOrientations_iPad = "UIInterfaceOrientationPortrait UIInterfaceOrientationPortraitUpsideDown UIInterfaceOrientationLandscapeLeft UIInterfaceOrientationLandscapeRight";
				INFOPLIST_KEY_UISupportedInterfaceOrientations_iPhone = "UIInterfaceOrientationPortrait UIInterfaceOrientationLandscapeLeft UIInterfaceOrientationLandscapeRight";
				IPHONEOS_DEPLOYMENT_TARGET = 15.0;
				LD_RUNPATH_SEARCH_PATHS = (
					"$(inherited)",
					"@executable_path/Frameworks",
				);
				MARKETING_VERSION = 1.0;
				PRODUCT_BUNDLE_IDENTIFIER = ru.ageres7.RandomWord;
				PRODUCT_NAME = "Random word";
				SWIFT_EMIT_LOC_STRINGS = YES;
				SWIFT_VERSION = 5.0;
				TARGETED_DEVICE_FAMILY = 1;
			};
			name = Debug;
		};
		3B445A552870C48F003EBCDA /* Release */ = {
			isa = XCBuildConfiguration;
			buildSettings = {
				ASSETCATALOG_COMPILER_APPICON_NAME = AppIcon;
				ASSETCATALOG_COMPILER_GLOBAL_ACCENT_COLOR_NAME = AccentColor;
				CODE_SIGN_STYLE = Automatic;
				CURRENT_PROJECT_VERSION = 1;
				DEVELOPMENT_ASSET_PATHS = "\"RandomWord/Preview Content\"";
				DEVELOPMENT_TEAM = RNER64Q73Y;
				ENABLE_PREVIEWS = YES;
				GENERATE_INFOPLIST_FILE = YES;
				INFOPLIST_KEY_UIApplicationSceneManifest_Generation = YES;
				INFOPLIST_KEY_UIApplicationSupportsIndirectInputEvents = YES;
				INFOPLIST_KEY_UILaunchScreen_Generation = YES;
				INFOPLIST_KEY_UISupportedInterfaceOrientations_iPad = "UIInterfaceOrientationPortrait UIInterfaceOrientationPortraitUpsideDown UIInterfaceOrientationLandscapeLeft UIInterfaceOrientationLandscapeRight";
				INFOPLIST_KEY_UISupportedInterfaceOrientations_iPhone = "UIInterfaceOrientationPortrait UIInterfaceOrientationLandscapeLeft UIInterfaceOrientationLandscapeRight";
				IPHONEOS_DEPLOYMENT_TARGET = 15.0;
				LD_RUNPATH_SEARCH_PATHS = (
					"$(inherited)",
					"@executable_path/Frameworks",
				);
				MARKETING_VERSION = 1.0;
				PRODUCT_BUNDLE_IDENTIFIER = ru.ageres7.RandomWord;
				PRODUCT_NAME = "Random word";
				SWIFT_EMIT_LOC_STRINGS = YES;
				SWIFT_VERSION = 5.0;
				TARGETED_DEVICE_FAMILY = 1;
			};
			name = Release;
		};
/* End XCBuildConfiguration section */

/* Begin XCConfigurationList section */
		3B445A402870C48E003EBCDA /* Build configuration list for PBXProject "RandomWord" */ = {
			isa = XCConfigurationList;
			buildConfigurations = (
				3B445A512870C48F003EBCDA /* Debug */,
				3B445A522870C48F003EBCDA /* Release */,
			);
			defaultConfigurationIsVisible = 0;
			defaultConfigurationName = Release;
		};
		3B445A532870C48F003EBCDA /* Build configuration list for PBXNativeTarget "RandomWord" */ = {
			isa = XCConfigurationList;
			buildConfigurations = (
				3B445A542870C48F003EBCDA /* Debug */,
				3B445A552870C48F003EBCDA /* Release */,
			);
			defaultConfigurationIsVisible = 0;
			defaultConfigurationName = Release;
		};
/* End XCConfigurationList section */

/* Begin XCVersionGroup section */
		3B445A802870D5EF003EBCDA /* RandomWord.xcdatamodeld */ = {
			isa = XCVersionGroup;
			children = (
				3B445A812870D5EF003EBCDA /* RandomWord.xcdatamodel */,
			);
			currentVersion = 3B445A812870D5EF003EBCDA /* RandomWord.xcdatamodel */;
			path = RandomWord.xcdatamodeld;
			sourceTree = "<group>";
			versionGroupType = wrapper.xcdatamodel;
		};
/* End XCVersionGroup section */
	};
	rootObject = 3B445A3D2870C48E003EBCDA /* Project object */;
}
